
Microsoft Visual Studio Solution File, Format Version 12.00
# Visual Studio Version 17
VisualStudioVersion = 17.8.34408.163
MinimumVisualStudioVersion = 10.0.40219.1
Project("{FAE04EC0-301F-11D3-BF4B-00C04F79EFBC}") = "traffic1.1", "traffic1.1\traffic1.1.csproj", "{62C8FE78-DBE9-478F-BAD3-2A2E1E681015}"
EndProject
Global
	GlobalSection(SolutionConfigurationPlatforms) = preSolution
		Debug|Any CPU = Debug|Any CPU
		Release|Any CPU = Release|Any CPU
	EndGlobalSection
	GlobalSection(ProjectConfigurationPlatforms) = postSolution
		{62C8FE78-DBE9-478F-BAD3-2A2E1E681015}.Debug|Any CPU.ActiveCfg = Debug|Any CPU
		{62C8FE78-DBE9-478F-BAD3-2A2E1E681015}.Debug|Any CPU.Build.0 = Debug|Any CPU
		{62C8FE78-DBE9-478F-BAD3-2A2E1E681015}.Release|Any CPU.ActiveCfg = Release|Any CPU
		{62C8FE78-DBE9-478F-BAD3-2A2E1E681015}.Release|Any CPU.Build.0 = Release|Any CPU
	EndGlobalSection
	GlobalSection(SolutionProperties) = preSolution
		HideSolutionNode = FALSE
	EndGlobalSection
	GlobalSection(ExtensibilityGlobals) = postSolution
		SolutionGuid = {EF63BFE7-B1F5-4356-BF81-7697F77A47D6}
	EndGlobalSection
EndGlobal
